
Microsoft Visual Studio Solution File, Format Version 12.00
# Visual Studio Version 17
VisualStudioVersion = 17.8.34316.72
MinimumVisualStudioVersion = 10.0.40219.1
Project("{FAE04EC0-301F-11D3-BF4B-00C04F79EFBC}") = "InzynierkaApi", "InzynierkaApi.csproj", "{331E50B2-123E-44F2-A97E-38D82F654876}"
EndProject
Global
	GlobalSection(SolutionConfigurationPlatforms) = preSolution
		Debug|Any CPU = Debug|Any CPU
		Release|Any CPU = Release|Any CPU
	EndGlobalSection
	GlobalSection(ProjectConfigurationPlatforms) = postSolution
		{331E50B2-123E-44F2-A97E-38D82F654876}.Debug|Any CPU.ActiveCfg = Debug|Any CPU
		{331E50B2-123E-44F2-A97E-38D82F654876}.Debug|Any CPU.Build.0 = Debug|Any CPU
		{331E50B2-123E-44F2-A97E-38D82F654876}.Release|Any CPU.ActiveCfg = Release|Any CPU
		{331E50B2-123E-44F2-A97E-38D82F654876}.Release|Any CPU.Build.0 = Release|Any CPU
	EndGlobalSection
	GlobalSection(SolutionProperties) = preSolution
		HideSolutionNode = FALSE
	EndGlobalSection
	GlobalSection(ExtensibilityGlobals) = postSolution
		SolutionGuid = {932C348C-8E59-4B00-A71B-013ECF24F34C}
	EndGlobalSection
EndGlobal
